
Microsoft Visual Studio Solution File, Format Version 12.00
# Visual Studio Version 16
VisualStudioVersion = 16.0.29728.190
MinimumVisualStudioVersion = 10.0.40219.1
Project("{F184B08F-C81C-45F6-A57F-5ABD9991F28F}") = "IFM01B1_Group=03", "IFM01B1_Group=03.vbproj", "{BF4DC746-2FDD-472A-88F1-CA0EF7F2BE90}"
EndProject
Global
	GlobalSection(SolutionConfigurationPlatforms) = preSolution
		Debug|Any CPU = Debug|Any CPU
		Release|Any CPU = Release|Any CPU
	EndGlobalSection
	GlobalSection(ProjectConfigurationPlatforms) = postSolution
		{BF4DC746-2FDD-472A-88F1-CA0EF7F2BE90}.Debug|Any CPU.ActiveCfg = Debug|Any CPU
		{BF4DC746-2FDD-472A-88F1-CA0EF7F2BE90}.Debug|Any CPU.Build.0 = Debug|Any CPU
		{BF4DC746-2FDD-472A-88F1-CA0EF7F2BE90}.Release|Any CPU.ActiveCfg = Release|Any CPU
		{BF4DC746-2FDD-472A-88F1-CA0EF7F2BE90}.Release|Any CPU.Build.0 = Release|Any CPU
	EndGlobalSection
	GlobalSection(SolutionProperties) = preSolution
		HideSolutionNode = FALSE
	EndGlobalSection
	GlobalSection(ExtensibilityGlobals) = postSolution
		SolutionGuid = {5FD6F9BE-2C18-4F1B-BE07-E221027C0FB0}
	EndGlobalSection
EndGlobal
